
Microsoft Visual Studio Solution File, Format Version 12.00
# Visual Studio Version 17
VisualStudioVersion = 17.13.35825.156 d17.13
MinimumVisualStudioVersion = 10.0.40219.1
Project("{FAE04EC0-301F-11D3-BF4B-00C04F79EFBC}") = "HarvestDataViewer", "HarvestDataViewer\HarvestDataViewer.csproj", "{2267BA77-C021-4D0F-BAC9-485FCD55E021}"
EndProject
Project("{FAE04EC0-301F-11D3-BF4B-00C04F79EFBC}") = "HarvestDataViewerDomain", "HarvestDataViewerDomain\HarvestDataViewerDomain.csproj", "{30E8F584-0F27-4EEF-9B94-ADC23E96F62E}"
EndProject
Global
	GlobalSection(SolutionConfigurationPlatforms) = preSolution
		Debug|Any CPU = Debug|Any CPU
		Release|Any CPU = Release|Any CPU
	EndGlobalSection
	GlobalSection(ProjectConfigurationPlatforms) = postSolution
		{2267BA77-C021-4D0F-BAC9-485FCD55E021}.Debug|Any CPU.ActiveCfg = Debug|Any CPU
		{2267BA77-C021-4D0F-BAC9-485FCD55E021}.Debug|Any CPU.Build.0 = Debug|Any CPU
		{2267BA77-C021-4D0F-BAC9-485FCD55E021}.Release|Any CPU.ActiveCfg = Release|Any CPU
		{2267BA77-C021-4D0F-BAC9-485FCD55E021}.Release|Any CPU.Build.0 = Release|Any CPU
		{30E8F584-0F27-4EEF-9B94-ADC23E96F62E}.Debug|Any CPU.ActiveCfg = Debug|Any CPU
		{30E8F584-0F27-4EEF-9B94-ADC23E96F62E}.Debug|Any CPU.Build.0 = Debug|Any CPU
		{30E8F584-0F27-4EEF-9B94-ADC23E96F62E}.Release|Any CPU.ActiveCfg = Release|Any CPU
		{30E8F584-0F27-4EEF-9B94-ADC23E96F62E}.Release|Any CPU.Build.0 = Release|Any CPU
	EndGlobalSection
	GlobalSection(SolutionProperties) = preSolution
		HideSolutionNode = FALSE
	EndGlobalSection
	GlobalSection(ExtensibilityGlobals) = postSolution
		SolutionGuid = {DE825BC9-BEEE-4265-A8BE-C3C0846DF8BC}
	EndGlobalSection
EndGlobal
